dependencies:
- name: mcms
  repository: file://../mcms
  version: 0.1.0
- name: frontend
  repository: file://../frontend
  version: 0.1.0
- name: keycloak
  repository: https://charts.bitnami.com/bitnami
  version: 24.1.0
digest: sha256:70c34817bca6fd23375e52bcebd7d05d933087a4f70bade6ebeb010788bb4419
generated: "2024-11-11T10:58:31.547694+01:00"
